
Microsoft Visual Studio Solution File, Format Version 12.00
# Visual Studio Version 17
VisualStudioVersion = 17.14.36310.24 d17.14
MinimumVisualStudioVersion = 10.0.40219.1
Project("{FAE04EC0-301F-11D3-BF4B-00C04F79EFBC}") = "StudentTracker", "StudentTracker\StudentTracker.csproj", "{3C4F122E-9B9B-4C5B-9929-77BF9AD62521}"
EndProject
Project("{FAE04EC0-301F-11D3-BF4B-00C04F79EFBC}") = "BusinessLogicLayer", "LogicLayer\BusinessLogicLayer.csproj", "{0437825C-93BE-434B-A5AB-FBECA02184EF}"
EndProject
Project("{FAE04EC0-301F-11D3-BF4B-00C04F79EFBC}") = "DataAccessLayer", "DataAccessLayer\DataAccessLayer.csproj", "{CF9EDF87-49ED-4A3D-9E8E-03C41A79B4DC}"
EndProject
Global
	GlobalSection(SolutionConfigurationPlatforms) = preSolution
		Debug|Any CPU = Debug|Any CPU
		Release|Any CPU = Release|Any CPU
	EndGlobalSection
	GlobalSection(ProjectConfigurationPlatforms) = postSolution
		{3C4F122E-9B9B-4C5B-9929-77BF9AD62521}.Debug|Any CPU.ActiveCfg = Debug|Any CPU
		{3C4F122E-9B9B-4C5B-9929-77BF9AD62521}.Debug|Any CPU.Build.0 = Debug|Any CPU
		{3C4F122E-9B9B-4C5B-9929-77BF9AD62521}.Release|Any CPU.ActiveCfg = Release|Any CPU
		{3C4F122E-9B9B-4C5B-9929-77BF9AD62521}.Release|Any CPU.Build.0 = Release|Any CPU
		{0437825C-93BE-434B-A5AB-FBECA02184EF}.Debug|Any CPU.ActiveCfg = Debug|Any CPU
		{0437825C-93BE-434B-A5AB-FBECA02184EF}.Debug|Any CPU.Build.0 = Debug|Any CPU
		{0437825C-93BE-434B-A5AB-FBECA02184EF}.Release|Any CPU.ActiveCfg = Release|Any CPU
		{0437825C-93BE-434B-A5AB-FBECA02184EF}.Release|Any CPU.Build.0 = Release|Any CPU
		{CF9EDF87-49ED-4A3D-9E8E-03C41A79B4DC}.Debug|Any CPU.ActiveCfg = Debug|Any CPU
		{CF9EDF87-49ED-4A3D-9E8E-03C41A79B4DC}.Debug|Any CPU.Build.0 = Debug|Any CPU
		{CF9EDF87-49ED-4A3D-9E8E-03C41A79B4DC}.Release|Any CPU.ActiveCfg = Release|Any CPU
		{CF9EDF87-49ED-4A3D-9E8E-03C41A79B4DC}.Release|Any CPU.Build.0 = Release|Any CPU
	EndGlobalSection
	GlobalSection(SolutionProperties) = preSolution
		HideSolutionNode = FALSE
	EndGlobalSection
	GlobalSection(ExtensibilityGlobals) = postSolution
		SolutionGuid = {2139014E-DAC9-477E-BD07-E0969DF1CC59}
	EndGlobalSection
EndGlobal
